
Microsoft Visual Studio Solution File, Format Version 12.00
# Visual Studio Version 17
VisualStudioVersion = 17.2.32630.192
MinimumVisualStudioVersion = 10.0.40219.1
Project("{FAE04EC0-301F-11D3-BF4B-00C04F79EFBC}") = "Luftborn.TechnicalTest.Host", "Luftborn.TechnicalTest.Host\Luftborn.TechnicalTest.Host.csproj", "{18213F57-C21D-43EA-A7C9-2C1315918C22}"
EndProject
Project("{FAE04EC0-301F-11D3-BF4B-00C04F79EFBC}") = "Luftborn.TechnicalTest.Core", "Luftborn.TechnicalTest.Core\Luftborn.TechnicalTest.Core.csproj", "{6D02696F-8A5B-4853-BD9E-3D572915CC2B}"
EndProject
Project("{FAE04EC0-301F-11D3-BF4B-00C04F79EFBC}") = "Luftborn.TechnicalTest.EntityFrameworkCore", "Luftborn.TechnicalTest.EntityFrameworkCore\Luftborn.TechnicalTest.EntityFrameworkCore.csproj", "{39873596-1E60-4D92-ADC8-081CB1EDC63C}"
EndProject
Global
	GlobalSection(SolutionConfigurationPlatforms) = preSolution
		Debug|Any CPU = Debug|Any CPU
		Release|Any CPU = Release|Any CPU
	EndGlobalSection
	GlobalSection(ProjectConfigurationPlatforms) = postSolution
		{18213F57-C21D-43EA-A7C9-2C1315918C22}.Debug|Any CPU.ActiveCfg = Debug|Any CPU
		{18213F57-C21D-43EA-A7C9-2C1315918C22}.Debug|Any CPU.Build.0 = Debug|Any CPU
		{18213F57-C21D-43EA-A7C9-2C1315918C22}.Release|Any CPU.ActiveCfg = Release|Any CPU
		{18213F57-C21D-43EA-A7C9-2C1315918C22}.Release|Any CPU.Build.0 = Release|Any CPU
		{6D02696F-8A5B-4853-BD9E-3D572915CC2B}.Debug|Any CPU.ActiveCfg = Debug|Any CPU
		{6D02696F-8A5B-4853-BD9E-3D572915CC2B}.Debug|Any CPU.Build.0 = Debug|Any CPU
		{6D02696F-8A5B-4853-BD9E-3D572915CC2B}.Release|Any CPU.ActiveCfg = Release|Any CPU
		{6D02696F-8A5B-4853-BD9E-3D572915CC2B}.Release|Any CPU.Build.0 = Release|Any CPU
		{39873596-1E60-4D92-ADC8-081CB1EDC63C}.Debug|Any CPU.ActiveCfg = Debug|Any CPU
		{39873596-1E60-4D92-ADC8-081CB1EDC63C}.Debug|Any CPU.Build.0 = Debug|Any CPU
		{39873596-1E60-4D92-ADC8-081CB1EDC63C}.Release|Any CPU.ActiveCfg = Release|Any CPU
		{39873596-1E60-4D92-ADC8-081CB1EDC63C}.Release|Any CPU.Build.0 = Release|Any CPU
	EndGlobalSection
	GlobalSection(SolutionProperties) = preSolution
		HideSolutionNode = FALSE
	EndGlobalSection
	GlobalSection(ExtensibilityGlobals) = postSolution
		SolutionGuid = {3DBAD212-B1FC-4E30-91E7-40D4BB186379}
	EndGlobalSection
EndGlobal
